
Microsoft Visual Studio Solution File, Format Version 12.00
# Visual Studio Version 16
VisualStudioVersion = 16.0.29613.14
MinimumVisualStudioVersion = 10.0.40219.1
Project("{FAE04EC0-301F-11D3-BF4B-00C04F79EFBC}") = "Hrp_Ger", "Hrp_Ger\Hrp_Ger.csproj", "{ECB73D8D-6EA3-4B04-9C7D-37C93E10068D}"
EndProject
Global
	GlobalSection(SolutionConfigurationPlatforms) = preSolution
		Debug|Any CPU = Debug|Any CPU
		Release|Any CPU = Release|Any CPU
	EndGlobalSection
	GlobalSection(ProjectConfigurationPlatforms) = postSolution
		{ECB73D8D-6EA3-4B04-9C7D-37C93E10068D}.Debug|Any CPU.ActiveCfg = Debug|Any CPU
		{ECB73D8D-6EA3-4B04-9C7D-37C93E10068D}.Debug|Any CPU.Build.0 = Debug|Any CPU
		{ECB73D8D-6EA3-4B04-9C7D-37C93E10068D}.Release|Any CPU.ActiveCfg = Release|Any CPU
		{ECB73D8D-6EA3-4B04-9C7D-37C93E10068D}.Release|Any CPU.Build.0 = Release|Any CPU
	EndGlobalSection
	GlobalSection(SolutionProperties) = preSolution
		HideSolutionNode = FALSE
	EndGlobalSection
	GlobalSection(ExtensibilityGlobals) = postSolution
		SolutionGuid = {DC1923D0-3150-4643-BA78-3FA42D95EE80}
	EndGlobalSection
EndGlobal
